PODS:
  - SmileWeather (0.0.2)

DEPENDENCIES:
  - SmileWeather (from `~/Documents/my_practice/cocoapods_final/SmileWeather`)

EXTERNAL SOURCES:
  SmileWeather:
    :path: ~/Documents/my_practice/cocoapods_final/SmileWeather

SPEC CHECKSUMS:
  SmileWeather: 87df02966288b71da8074b761a2dae54c62d0fd3

COCOAPODS: 0.37.2
